
Microsoft Visual Studio Solution File, Format Version 12.00
# Visual Studio 2012
Project("{2150E333-8FDC-42A3-9474-1A3956D46DE8}") = "Websites", "Websites", "{7D2711F7-0F0A-45D4-A90F-3CE6C3933EF5}"
EndProject
Project("{FAE04EC0-301F-11D3-BF4B-00C04F79EFBC}") = "CMSSolutions.Websites", "Websites\CMSSolutions.Websites\CMSSolutions.Websites.csproj", "{ED92F196-3146-460F-BEE6-27355EC4F5A4}"
EndProject
Project("{2150E333-8FDC-42A3-9474-1A3956D46DE8}") = "Libs", "Libs", "{CC23EE8C-B924-422B-AA44-6FA7431C6C98}"
	ProjectSection(SolutionItems) = preProject
		Libs\Autofac.dll = Libs\Autofac.dll
		Libs\Autofac.Integration.Mvc.dll = Libs\Autofac.Integration.Mvc.dll
		Libs\Castle.Core.dll = Libs\Castle.Core.dll
		Libs\CMSSolutions.Accounts.dll = Libs\CMSSolutions.Accounts.dll
		Libs\CMSSolutions.dll = Libs\CMSSolutions.dll
		Libs\DotNetOpenAuth.AspNet.dll = Libs\DotNetOpenAuth.AspNet.dll
		Libs\DotNetOpenAuth.Core.dll = Libs\DotNetOpenAuth.Core.dll
		Libs\DotNetOpenAuth.OAuth.Consumer.dll = Libs\DotNetOpenAuth.OAuth.Consumer.dll
		Libs\DotNetOpenAuth.OAuth.dll = Libs\DotNetOpenAuth.OAuth.dll
		Libs\DotNetOpenAuth.OpenId.dll = Libs\DotNetOpenAuth.OpenId.dll
		Libs\DotNetOpenAuth.OpenId.RelyingParty.dll = Libs\DotNetOpenAuth.OpenId.RelyingParty.dll
		Libs\EntityFramework.dll = Libs\EntityFramework.dll
		Libs\EntityFramework.SqlServer.dll = Libs\EntityFramework.SqlServer.dll
		Libs\GemBox.Spreadsheet.dll = Libs\GemBox.Spreadsheet.dll
		Libs\HtmlAgilityPack.dll = Libs\HtmlAgilityPack.dll
		Libs\Ionic.Zip.dll = Libs\Ionic.Zip.dll
		Libs\Lucene.Net.dll = Libs\Lucene.Net.dll
		Libs\Microsoft.Data.Edm.dll = Libs\Microsoft.Data.Edm.dll
		Libs\Microsoft.Data.OData.dll = Libs\Microsoft.Data.OData.dll
		Libs\Microsoft.Practices.EnterpriseLibrary.Caching.dll = Libs\Microsoft.Practices.EnterpriseLibrary.Caching.dll
		Libs\Microsoft.Practices.EnterpriseLibrary.Common.dll = Libs\Microsoft.Practices.EnterpriseLibrary.Common.dll
		Libs\Microsoft.Practices.ServiceLocation.dll = Libs\Microsoft.Practices.ServiceLocation.dll
		Libs\Microsoft.Practices.Unity.dll = Libs\Microsoft.Practices.Unity.dll
		Libs\Microsoft.Practices.Unity.Interception.dll = Libs\Microsoft.Practices.Unity.Interception.dll
		Libs\Microsoft.Web.Infrastructure.dll = Libs\Microsoft.Web.Infrastructure.dll
		Libs\Microsoft.Web.WebPages.OAuth.dll = Libs\Microsoft.Web.WebPages.OAuth.dll
		Libs\Newtonsoft.Json.dll = Libs\Newtonsoft.Json.dll
		Libs\NLog.dll = Libs\NLog.dll
		Libs\RazorEngine.dll = Libs\RazorEngine.dll
		Libs\System.Net.Http.Formatting.dll = Libs\System.Net.Http.Formatting.dll
		Libs\System.Web.Helpers.dll = Libs\System.Web.Helpers.dll
		Libs\System.Web.Http.dll = Libs\System.Web.Http.dll
		Libs\System.Web.Http.WebHost.dll = Libs\System.Web.Http.WebHost.dll
		Libs\System.Web.Mvc.dll = Libs\System.Web.Mvc.dll
		Libs\System.Web.Razor.dll = Libs\System.Web.Razor.dll
		Libs\System.Web.WebPages.Deployment.dll = Libs\System.Web.WebPages.Deployment.dll
		Libs\System.Web.WebPages.Razor.dll = Libs\System.Web.WebPages.Razor.dll
		Libs\WebGrease.dll = Libs\WebGrease.dll
	EndProjectSection
EndProject
Global
	GlobalSection(SolutionConfigurationPlatforms) = preSolution
		Debug|Any CPU = Debug|Any CPU
		Release|Any CPU = Release|Any CPU
	EndGlobalSection
	GlobalSection(ProjectConfigurationPlatforms) = postSolution
		{ED92F196-3146-460F-BEE6-27355EC4F5A4}.Debug|Any CPU.ActiveCfg = Debug|Any CPU
		{ED92F196-3146-460F-BEE6-27355EC4F5A4}.Debug|Any CPU.Build.0 = Debug|Any CPU
		{ED92F196-3146-460F-BEE6-27355EC4F5A4}.Release|Any CPU.ActiveCfg = Release|Any CPU
		{ED92F196-3146-460F-BEE6-27355EC4F5A4}.Release|Any CPU.Build.0 = Release|Any CPU
	EndGlobalSection
	GlobalSection(SolutionProperties) = preSolution
		HideSolutionNode = FALSE
	EndGlobalSection
	GlobalSection(NestedProjects) = preSolution
		{ED92F196-3146-460F-BEE6-27355EC4F5A4} = {7D2711F7-0F0A-45D4-A90F-3CE6C3933EF5}
	EndGlobalSection
EndGlobal
